// !$*UTF8*$!
{
	archiveVersion = 1;
	classes = {
	};
	objectVersion = 46;
	objects = {

/* Begin PBXBuildFile section */
		072F95801CE67CC3006B7D26 /* main.m in Sources */ = {isa = PBXBuildFile; fileRef = 072F957F1CE67CC3006B7D26 /* main.m */; };
		072F95831CE67CC3006B7D26 /* AppDelegate.m in Sources */ = {isa = PBXBuildFile; fileRef = 072F95821CE67CC3006B7D26 /* AppDelegate.m */; };
		072F95861CE67CC3006B7D26 /* RootViewController.m in Sources */ = {isa = PBXBuildFile; fileRef = 072F95851CE67CC3006B7D26 /* RootViewController.m */; };
		072F95891CE67CC3006B7D26 /* DataViewController.m in Sources */ = {isa = PBXBuildFile; fileRef = 072F95881CE67CC3006B7D26 /* DataViewController.m */; };
		072F958C1CE67CC3006B7D26 /* ModelController.m in Sources */ = {isa = PBXBuildFile; fileRef = 072F958B1CE67CC3006B7D26 /* ModelController.m */; };
		072F958F1CE67CC3006B7D26 /* Main.storyboard in Resources */ = {isa = PBXBuildFile; fileRef = 072F958D1CE67CC3006B7D26 /* Main.storyboard */; };
		072F95911CE67CC3006B7D26 /* Assets.xcassets in Resources */ = {isa = PBXBuildFile; fileRef = 072F95901CE67CC3006B7D26 /* Assets.xcassets */; };
		072F95941CE67CC3006B7D26 /* LaunchScreen.storyboard in Resources */ = {isa = PBXBuildFile; fileRef = 072F95921CE67CC3006B7D26 /* LaunchScreen.storyboard */; };
		072F959E1CE67D66006B7D26 /* WalletModel.xcdatamodeld in Sources */ = {isa = PBXBuildFile; fileRef = 072F959C1CE67D66006B7D26 /* WalletModel.xcdatamodeld */; };
		072F95A31CE67F82006B7D26 /* Wallet+CoreDataProperties.m in Sources */ = {isa = PBXBuildFile; fileRef = 072F95A01CE67F82006B7D26 /* Wallet+CoreDataProperties.m */; };
		072F95A41CE67F82006B7D26 /* Wallet.m in Sources */ = {isa = PBXBuildFile; fileRef = 072F95A21CE67F82006B7D26 /* Wallet.m */; };
		072F95A81CE6807B006B7D26 /* WalletManager.m in Sources */ = {isa = PBXBuildFile; fileRef = 072F95A71CE6807B006B7D26 /* WalletManager.m */; };
		072F95AB1CE682A9006B7D26 /* CoreDataUtils.m in Sources */ = {isa = PBXBuildFile; fileRef = 072F95AA1CE682A9006B7D26 /* CoreDataUtils.m */; };
		072F95AE1CE6A37F006B7D26 /* WalletDisplayDelegate.m in Sources */ = {isa = PBXBuildFile; fileRef = 072F95AD1CE6A37F006B7D26 /* WalletDisplayDelegate.m */; };
/* End PBXBuildFile section */

/* Begin PBXFileReference section */
		072F957B1CE67CC3006B7D26 /* LeagueWallet.app */ = {isa = PBXFileReference; explicitFileType = wrapper.application; includeInIndex = 0; path = LeagueWallet.app; sourceTree = BUILT_PRODUCTS_DIR; };
		072F957F1CE67CC3006B7D26 /* main.m */ = {isa = PBXFileReference; lastKnownFileType = sourcecode.c.objc; path = main.m; sourceTree = "<group>"; };
		072F95811CE67CC3006B7D26 /* AppDelegate.h */ = {isa = PBXFileReference; lastKnownFileType = sourcecode.c.h; path = AppDelegate.h; sourceTree = "<group>"; };
		072F95821CE67CC3006B7D26 /* AppDelegate.m */ = {isa = PBXFileReference; lastKnownFileType = sourcecode.c.objc; path = AppDelegate.m; sourceTree = "<group>"; };
		072F95841CE67CC3006B7D26 /* RootViewController.h */ = {isa = PBXFileReference; lastKnownFileType = sourcecode.c.h; path = RootViewController.h; sourceTree = "<group>"; };
		072F95851CE67CC3006B7D26 /* RootViewController.m */ = {isa = PBXFileReference; lastKnownFileType = sourcecode.c.objc; path = RootViewController.m; sourceTree = "<group>"; };
		072F95871CE67CC3006B7D26 /* DataViewController.h */ = {isa = PBXFileReference; lastKnownFileType = sourcecode.c.h; path = DataViewController.h; sourceTree = "<group>"; };
		072F95881CE67CC3006B7D26 /* DataViewController.m */ = {isa = PBXFileReference; lastKnownFileType = sourcecode.c.objc; path = DataViewController.m; sourceTree = "<group>"; };
		072F958A1CE67CC3006B7D26 /* ModelController.h */ = {isa = PBXFileReference; lastKnownFileType = sourcecode.c.h; path = ModelController.h; sourceTree = "<group>"; };
		072F958B1CE67CC3006B7D26 /* ModelController.m */ = {isa = PBXFileReference; lastKnownFileType = sourcecode.c.objc; path = ModelController.m; sourceTree = "<group>"; };
		072F958E1CE67CC3006B7D26 /* Base */ = {isa = PBXFileReference; lastKnownFileType = file.storyboard; name = Base; path = Base.lproj/Main.storyboard; sourceTree = "<group>"; };
		072F95901CE67CC3006B7D26 /* Assets.xcassets */ = {isa = PBXFileReference; lastKnownFileType = folder.assetcatalog; path = Assets.xcassets; sourceTree = "<group>"; };
		072F95931CE67CC3006B7D26 /* Base */ = {isa = PBXFileReference; lastKnownFileType = file.storyboard; name = Base; path = Base.lproj/LaunchScreen.storyboard; sourceTree = "<group>"; };
		072F95951CE67CC3006B7D26 /* Info.plist */ = {isa = PBXFileReference; lastKnownFileType = text.plist.xml; path = Info.plist; sourceTree = "<group>"; };
		072F959D1CE67D66006B7D26 /* WalletModel.xcdatamodel */ = {isa = PBXFileReference; lastKnownFileType = wrapper.xcdatamodel; path = WalletModel.xcdatamodel; sourceTree = "<group>"; };
		072F959F1CE67F82006B7D26 /* Wallet+CoreDataProperties.h */ = {isa = PBXFileReference; fileEncoding = 4; lastKnownFileType = sourcecode.c.h; path = "Wallet+CoreDataProperties.h"; sourceTree = "<group>"; };
		072F95A01CE67F82006B7D26 /* Wallet+CoreDataProperties.m */ = {isa = PBXFileReference; fileEncoding = 4; lastKnownFileType = sourcecode.c.objc; path = "Wallet+CoreDataProperties.m"; sourceTree = "<group>"; };
		072F95A11CE67F82006B7D26 /* Wallet.h */ = {isa = PBXFileReference; fileEncoding = 4; lastKnownFileType = sourcecode.c.h; path = Wallet.h; sourceTree = "<group>"; };
		072F95A21CE67F82006B7D26 /* Wallet.m */ = {isa = PBXFileReference; fileEncoding = 4; lastKnownFileType = sourcecode.c.objc; path = Wallet.m; sourceTree = "<group>"; };
		072F95A61CE6807B006B7D26 /* WalletManager.h */ = {isa = PBXFileReference; fileEncoding = 4; lastKnownFileType = sourcecode.c.h; path = WalletManager.h; sourceTree = "<group>"; };
		072F95A71CE6807B006B7D26 /* WalletManager.m */ = {isa = PBXFileReference; fileEncoding = 4; lastKnownFileType = sourcecode.c.objc; path = WalletManager.m; sourceTree = "<group>"; };
		072F95A91CE682A9006B7D26 /* CoreDataUtils.h */ = {isa = PBXFileReference; fileEncoding = 4; lastKnownFileType = sourcecode.c.h; path = CoreDataUtils.h; sourceTree = "<group>"; };
		072F95AA1CE682A9006B7D26 /* CoreDataUtils.m */ = {isa = PBXFileReference; fileEncoding = 4; lastKnownFileType = sourcecode.c.objc; path = CoreDataUtils.m; sourceTree = "<group>"; };
		072F95AC1CE6A37F006B7D26 /* WalletDisplayDelegate.h */ = {isa = PBXFileReference; fileEncoding = 4; lastKnownFileType = sourcecode.c.h; path = WalletDisplayDelegate.h; sourceTree = "<group>"; };
		072F95AD1CE6A37F006B7D26 /* WalletDisplayDelegate.m */ = {isa = PBXFileReference; fileEncoding = 4; lastKnownFileType = sourcecode.c.objc; path = WalletDisplayDelegate.m; sourceTree = "<group>"; };
/* End PBXFileReference section */

/* Begin PBXFrameworksBuildPhase section */
		072F95781CE67CC3006B7D26 /* Frameworks */ = {
			isa = PBXFrameworksBuildPhase;
			buildActionMask = 2147483647;
			files = (
			);
			runOnlyForDeploymentPostprocessing = 0;
		};
/* End PBXFrameworksBuildPhase section */

/* Begin PBXGroup section */
		072F95721CE67CC3006B7D26 = {
			isa = PBXGroup;
			children = (
				072F957D1CE67CC3006B7D26 /* LeagueWallet */,
				072F957C1CE67CC3006B7D26 /* Products */,
			);
			sourceTree = "<group>";
		};
		072F957C1CE67CC3006B7D26 /* Products */ = {
			isa = PBXGroup;
			children = (
				072F957B1CE67CC3006B7D26 /* LeagueWallet.app */,
			);
			name = Products;
			sourceTree = "<group>";
		};
		072F957D1CE67CC3006B7D26 /* LeagueWallet */ = {
			isa = PBXGroup;
			children = (
				072F95811CE67CC3006B7D26 /* AppDelegate.h */,
				072F95821CE67CC3006B7D26 /* AppDelegate.m */,
				072F95A51CE67F8F006B7D26 /* Model */,
				072F959B1CE67D12006B7D26 /* Controller */,
				072F95AF1CE6A3B5006B7D26 /* View */,
				072F95901CE67CC3006B7D26 /* Assets.xcassets */,
				072F95951CE67CC3006B7D26 /* Info.plist */,
				072F957E1CE67CC3006B7D26 /* Supporting Files */,
			);
			path = LeagueWallet;
			sourceTree = "<group>";
		};
		072F957E1CE67CC3006B7D26 /* Supporting Files */ = {
			isa = PBXGroup;
			children = (
				072F957F1CE67CC3006B7D26 /* main.m */,
			);
			name = "Supporting Files";
			sourceTree = "<group>";
		};
		072F959B1CE67D12006B7D26 /* Controller */ = {
			isa = PBXGroup;
			children = (
				072F95841CE67CC3006B7D26 /* RootViewController.h */,
				072F95851CE67CC3006B7D26 /* RootViewController.m */,
				072F95871CE67CC3006B7D26 /* DataViewController.h */,
				072F95881CE67CC3006B7D26 /* DataViewController.m */,
				072F95AC1CE6A37F006B7D26 /* WalletDisplayDelegate.h */,
				072F95AD1CE6A37F006B7D26 /* WalletDisplayDelegate.m */,
				072F958A1CE67CC3006B7D26 /* ModelController.h */,
				072F958B1CE67CC3006B7D26 /* ModelController.m */,
			);
			name = Controller;
			sourceTree = "<group>";
		};
		072F95A51CE67F8F006B7D26 /* Model */ = {
			isa = PBXGroup;
			children = (
				072F959C1CE67D66006B7D26 /* WalletModel.xcdatamodeld */,
				072F95A91CE682A9006B7D26 /* CoreDataUtils.h */,
				072F95AA1CE682A9006B7D26 /* CoreDataUtils.m */,
				072F959F1CE67F82006B7D26 /* Wallet+CoreDataProperties.h */,
				072F95A01CE67F82006B7D26 /* Wallet+CoreDataProperties.m */,
				072F95A11CE67F82006B7D26 /* Wallet.h */,
				072F95A21CE67F82006B7D26 /* Wallet.m */,
				072F95A61CE6807B006B7D26 /* WalletManager.h */,
				072F95A71CE6807B006B7D26 /* WalletManager.m */,
			);
			name = Model;
			path = ..;
			sourceTree = "<group>";
		};
		072F95AF1CE6A3B5006B7D26 /* View */ = {
			isa = PBXGroup;
			children = (
				072F958D1CE67CC3006B7D26 /* Main.storyboard */,
				072F95921CE67CC3006B7D26 /* LaunchScreen.storyboard */,
			);
			name = View;
			sourceTree = "<group>";
		};
/* End PBXGroup section */

/* Begin PBXNativeTarget section */
		072F957A1CE67CC3006B7D26 /* LeagueWallet */ = {
			isa = PBXNativeTarget;
			buildConfigurationList = 072F95981CE67CC3006B7D26 /* Build configuration list for PBXNativeTarget "LeagueWallet" */;
			buildPhases = (
				072F95771CE67CC3006B7D26 /* Sources */,
				072F95781CE67CC3006B7D26 /* Frameworks */,
				072F95791CE67CC3006B7D26 /* Resources */,
			);
			buildRules = (
			);
			dependencies = (
			);
			name = LeagueWallet;
			productName = LeagueWallet;
			productReference = 072F957B1CE67CC3006B7D26 /* LeagueWallet.app */;
			productType = "com.apple.product-type.application";
		};
/* End PBXNativeTarget section */

/* Begin PBXProject section */
		072F95731CE67CC3006B7D26 /* Project object */ = {
			isa = PBXProject;
			attributes = {
				LastUpgradeCheck = 0730;
				ORGANIZATIONNAME = abvgd;
				TargetAttributes = {
					072F957A1CE67CC3006B7D26 = {
						CreatedOnToolsVersion = 7.3;
					};
				};
			};
			buildConfigurationList = 072F95761CE67CC3006B7D26 /* Build configuration list for PBXProject "LeagueWallet" */;
			compatibilityVersion = "Xcode 3.2";
			developmentRegion = English;
			hasScannedForEncodings = 0;
			knownRegions = (
				en,
				Base,
			);
			mainGroup = 072F95721CE67CC3006B7D26;
			productRefGroup = 072F957C1CE67CC3006B7D26 /* Products */;
			projectDirPath = "";
			projectRoot = "";
			targets = (
				072F957A1CE67CC3006B7D26 /* LeagueWallet */,
			);
		};
/* End PBXProject section */

/* Begin PBXResourcesBuildPhase section */
		072F95791CE67CC3006B7D26 /* Resources */ = {
			isa = PBXResourcesBuildPhase;
			buildActionMask = 2147483647;
			files = (
				072F95941CE67CC3006B7D26 /* LaunchScreen.storyboard in Resources */,
				072F95911CE67CC3006B7D26 /* Assets.xcassets in Resources */,
				072F958F1CE67CC3006B7D26 /* Main.storyboard in Resources */,
			);
			runOnlyForDeploymentPostprocessing = 0;
		};
/* End PBXResourcesBuildPhase section */

/* Begin PBXSourcesBuildPhase section */
		072F95771CE67CC3006B7D26 /* Sources */ = {
			isa = PBXSourcesBuildPhase;
			buildActionMask = 2147483647;
			files = (
				072F95A81CE6807B006B7D26 /* WalletManager.m in Sources */,
				072F95891CE67CC3006B7D26 /* DataViewController.m in Sources */,
				072F95831CE67CC3006B7D26 /* AppDelegate.m in Sources */,
				072F959E1CE67D66006B7D26 /* WalletModel.xcdatamodeld in Sources */,
				072F95AB1CE682A9006B7D26 /* CoreDataUtils.m in Sources */,
				072F95AE1CE6A37F006B7D26 /* WalletDisplayDelegate.m in Sources */,
				072F958C1CE67CC3006B7D26 /* ModelController.m in Sources */,
				072F95A41CE67F82006B7D26 /* Wallet.m in Sources */,
				072F95801CE67CC3006B7D26 /* main.m in Sources */,
				072F95A31CE67F82006B7D26 /* Wallet+CoreDataProperties.m in Sources */,
				072F95861CE67CC3006B7D26 /* RootViewController.m in Sources */,
			);
			runOnlyForDeploymentPostprocessing = 0;
		};
/* End PBXSourcesBuildPhase section */

/* Begin PBXVariantGroup section */
		072F958D1CE67CC3006B7D26 /* Main.storyboard */ = {
			isa = PBXVariantGroup;
			children = (
				072F958E1CE67CC3006B7D26 /* Base */,
			);
			name = Main.storyboard;
			sourceTree = "<group>";
		};
		072F95921CE67CC3006B7D26 /* LaunchScreen.storyboard */ = {
			isa = PBXVariantGroup;
			children = (
				072F95931CE67CC3006B7D26 /* Base */,
			);
			name = LaunchScreen.storyboard;
			sourceTree = "<group>";
		};
/* End PBXVariantGroup section */

/* Begin XCBuildConfiguration section */
		072F95961CE67CC3006B7D26 /* Debug */ = {
			isa = XCBuildConfiguration;
			buildSettings = {
				ALWAYS_SEARCH_USER_PATHS = NO;
				CLANG_ANALYZER_NONNULL = YES;
				CLANG_CXX_LANGUAGE_STANDARD = "gnu++0x";
				CLANG_CXX_LIBRARY = "libc++";
				CLANG_ENABLE_MODULES = YES;
				CLANG_ENABLE_OBJC_ARC = YES;
				CLANG_WARN_BOOL_CONVERSION = YES;
				CLANG_WARN_CONSTANT_CONVERSION = YES;
				CLANG_WARN_DIRECT_OBJC_ISA_USAGE = YES_ERROR;
				CLANG_WARN_EMPTY_BODY = YES;
				CLANG_WARN_ENUM_CONVERSION = YES;
				CLANG_WARN_INT_CONVERSION = YES;
				CLANG_WARN_OBJC_ROOT_CLASS = YES_ERROR;
				CLANG_WARN_UNREACHABLE_CODE = YES;
				CLANG_WARN__DUPLICATE_METHOD_MATCH = YES;
				"CODE_SIGN_IDENTITY[sdk=iphoneos*]" = "iPhone Developer";
				COPY_PHASE_STRIP = NO;
				DEBUG_INFORMATION_FORMAT = dwarf;
				ENABLE_STRICT_OBJC_MSGSEND = YES;
				ENABLE_TESTABILITY = YES;
				GCC_C_LANGUAGE_STANDARD = gnu99;
				GCC_DYNAMIC_NO_PIC = NO;
				GCC_NO_COMMON_BLOCKS = YES;
				GCC_OPTIMIZATION_LEVEL = 0;
				GCC_PREPROCESSOR_DEFINITIONS = (
					"DEBUG=1",
					"$(inherited)",
				);
				GCC_WARN_64_TO_32_BIT_CONVERSION = YES;
				GCC_WARN_ABOUT_RETURN_TYPE = YES_ERROR;
				GCC_WARN_UNDECLARED_SELECTOR = YES;
				GCC_WARN_UNINITIALIZED_AUTOS = YES_AGGRESSIVE;
				GCC_WARN_UNUSED_FUNCTION = YES;
				GCC_WARN_UNUSED_VARIABLE = YES;
				IPHONEOS_DEPLOYMENT_TARGET = 9.3;
				MTL_ENABLE_DEBUG_INFO = YES;
				ONLY_ACTIVE_ARCH = YES;
				SDKROOT = iphoneos;
				TARGETED_DEVICE_FAMILY = "1,2";
			};
			name = Debug;
		};
		072F95971CE67CC3006B7D26 /* Release */ = {
			isa = XCBuildConfiguration;
			buildSettings = {
				ALWAYS_SEARCH_USER_PATHS = NO;
				CLANG_ANALYZER_NONNULL = YES;
				CLANG_CXX_LANGUAGE_STANDARD = "gnu++0x";
				CLANG_CXX_LIBRARY = "libc++";
				CLANG_ENABLE_MODULES = YES;
				CLANG_ENABLE_OBJC_ARC = YES;
				CLANG_WARN_BOOL_CONVERSION = YES;
				CLANG_WARN_CONSTANT_CONVERSION = YES;
				CLANG_WARN_DIRECT_OBJC_ISA_USAGE = YES_ERROR;
				CLANG_WARN_EMPTY_BODY = YES;
				CLANG_WARN_ENUM_CONVERSION = YES;
				CLANG_WARN_INT_CONVERSION = YES;
				CLANG_WARN_OBJC_ROOT_CLASS = YES_ERROR;
				CLANG_WARN_UNREACHABLE_CODE = YES;
				CLANG_WARN__DUPLICATE_METHOD_MATCH = YES;
				"CODE_SIGN_IDENTITY[sdk=iphoneos*]" = "iPhone Developer";
				COPY_PHASE_STRIP = NO;
				DEBUG_INFORMATION_FORMAT = "dwarf-with-dsym";
				ENABLE_NS_ASSERTIONS = NO;
				ENABLE_STRICT_OBJC_MSGSEND = YES;
				GCC_C_LANGUAGE_STANDARD = gnu99;
				GCC_NO_COMMON_BLOCKS = YES;
				GCC_WARN_64_TO_32_BIT_CONVERSION = YES;
				GCC_WARN_ABOUT_RETURN_TYPE = YES_ERROR;
				GCC_WARN_UNDECLARED_SELECTOR = YES;
				GCC_WARN_UNINITIALIZED_AUTOS = YES_AGGRESSIVE;
				GCC_WARN_UNUSED_FUNCTION = YES;
				GCC_WARN_UNUSED_VARIABLE = YES;
				IPHONEOS_DEPLOYMENT_TARGET = 9.3;
				MTL_ENABLE_DEBUG_INFO = NO;
				SDKROOT = iphoneos;
				TARGETED_DEVICE_FAMILY = "1,2";
				VALIDATE_PRODUCT = YES;
			};
			name = Release;
		};
		072F95991CE67CC3006B7D26 /* Debug */ = {
			isa = XCBuildConfiguration;
			buildSettings = {
				ASSETCATALOG_COMPILER_APPICON_NAME = AppIcon;
				INFOPLIST_FILE = LeagueWallet/Info.plist;
				LD_RUNPATH_SEARCH_PATHS = "$(inherited) @executable_path/Frameworks";
				PRODUCT_BUNDLE_IDENTIFIER = ca.abvgd.LeagueWallet;
				PRODUCT_NAME = "$(TARGET_NAME)";
			};
			name = Debug;
		};
		072F959A1CE67CC3006B7D26 /* Release */ = {
			isa = XCBuildConfiguration;
			buildSettings = {
				ASSETCATALOG_COMPILER_APPICON_NAME = AppIcon;
				INFOPLIST_FILE = LeagueWallet/Info.plist;
				LD_RUNPATH_SEARCH_PATHS = "$(inherited) @executable_path/Frameworks";
				PRODUCT_BUNDLE_IDENTIFIER = ca.abvgd.LeagueWallet;
				PRODUCT_NAME = "$(TARGET_NAME)";
			};
			name = Release;
		};
/* End XCBuildConfiguration section */

/* Begin XCConfigurationList section */
		072F95761CE67CC3006B7D26 /* Build configuration list for PBXProject "LeagueWallet" */ = {
			isa = XCConfigurationList;
			buildConfigurations = (
				072F95961CE67CC3006B7D26 /* Debug */,
				072F95971CE67CC3006B7D26 /* Release */,
			);
			defaultConfigurationIsVisible = 0;
			defaultConfigurationName = Release;
		};
		072F95981CE67CC3006B7D26 /* Build configuration list for PBXNativeTarget "LeagueWallet" */ = {
			isa = XCConfigurationList;
			buildConfigurations = (
				072F95991CE67CC3006B7D26 /* Debug */,
				072F959A1CE67CC3006B7D26 /* Release */,
			);
			defaultConfigurationIsVisible = 0;
		};
/* End XCConfigurationList section */

/* Begin XCVersionGroup section */
		072F959C1CE67D66006B7D26 /* WalletModel.xcdatamodeld */ = {
			isa = XCVersionGroup;
			children = (
				072F959D1CE67D66006B7D26 /* WalletModel.xcdatamodel */,
			);
			currentVersion = 072F959D1CE67D66006B7D26 /* WalletModel.xcdatamodel */;
			name = WalletModel.xcdatamodeld;
			path = LeagueWallet/WalletModel.xcdatamodeld;
			sourceTree = "<group>";
			versionGroupType = wrapper.xcdatamodel;
		};
/* End XCVersionGroup section */
	};
	rootObject = 072F95731CE67CC3006B7D26 /* Project object */;
}
